
Microsoft Visual Studio Solution File, Format Version 12.00
# Visual Studio Version 17
VisualStudioVersion = 17.7.34031.279
MinimumVisualStudioVersion = 10.0.40219.1
Project("{2150E333-8FDC-42A3-9474-1A3956D46DE8}") = "Doc", "Doc", "{863F0A63-9B44-40C0-BFDA-B7F7000C890C}"
EndProject
Project("{2150E333-8FDC-42A3-9474-1A3956D46DE8}") = "Src", "Src", "{707A5331-9E45-42CD-BEAB-F3D9219BC4FE}"
EndProject
Project("{2150E333-8FDC-42A3-9474-1A3956D46DE8}") = "Test", "Test", "{575CF5AC-5BF5-4703-888A-834574FCB1EE}"
EndProject
Project("{2150E333-8FDC-42A3-9474-1A3956D46DE8}") = "Core", "Core", "{83172C12-DC1C-4149-AF0D-925123A90A40}"
EndProject
Project("{2150E333-8FDC-42A3-9474-1A3956D46DE8}") = "Infrastructure", "Infrastructure", "{91767033-8121-4505-A801-88B55E658414}"
EndProject
Project("{2150E333-8FDC-42A3-9474-1A3956D46DE8}") = "Peresentation", "Peresentation", "{FCE37FEB-389D-4327-8A71-21F5F99C6308}"
EndProject
Project("{2150E333-8FDC-42A3-9474-1A3956D46DE8}") = "Common", "Common", "{2E4E6E26-D7F5-4755-80EF-9CA27F99222D}"
EndProject
Project("{FAE04EC0-301F-11D3-BF4B-00C04F79EFBC}") = "Web-Store.Domain", "Web-Store.Domain\Web-Store.Domain.csproj", "{3F062664-0563-4BE0-B4A3-2B1F2FD2E058}"
EndProject
Project("{FAE04EC0-301F-11D3-BF4B-00C04F79EFBC}") = "Web-Store.Application", "Web-Store.Application\Web-Store.Application.csproj", "{14EBCF06-E481-4FD0-A2A5-B23EF54CBE52}"
EndProject
Project("{FAE04EC0-301F-11D3-BF4B-00C04F79EFBC}") = "Web-Store.Infrastructure", "Web-Store.Infrastructure\Web-Store.Infrastructure.csproj", "{A3F17F5E-2FAD-4F87-B7C3-BFDDC09C534A}"
EndProject
Project("{FAE04EC0-301F-11D3-BF4B-00C04F79EFBC}") = "Web-Store.Common", "Web-Store.Common\Web-Store.Common.csproj", "{0869D160-C1F1-4B4D-9BA0-4A8946C84D24}"
EndProject
Project("{FAE04EC0-301F-11D3-BF4B-00C04F79EFBC}") = "Web-Store.Persistance", "Web-Store.Persistance\Web-Store.Persistance.csproj", "{E69E3B81-15D1-4FD7-822F-7AB9F5D82C43}"
EndProject
Project("{FAE04EC0-301F-11D3-BF4B-00C04F79EFBC}") = "EndPoint.site", "EndPoint.site\EndPoint.site.csproj", "{F559753E-B524-48F6-8483-A7033B6931D8}"
EndProject
Global
	GlobalSection(SolutionConfigurationPlatforms) = preSolution
		Debug|Any CPU = Debug|Any CPU
		Release|Any CPU = Release|Any CPU
	EndGlobalSection
	GlobalSection(ProjectConfigurationPlatforms) = postSolution
		{3F062664-0563-4BE0-B4A3-2B1F2FD2E058}.Debug|Any CPU.ActiveCfg = Debug|Any CPU
		{3F062664-0563-4BE0-B4A3-2B1F2FD2E058}.Debug|Any CPU.Build.0 = Debug|Any CPU
		{3F062664-0563-4BE0-B4A3-2B1F2FD2E058}.Release|Any CPU.ActiveCfg = Release|Any CPU
		{3F062664-0563-4BE0-B4A3-2B1F2FD2E058}.Release|Any CPU.Build.0 = Release|Any CPU
		{14EBCF06-E481-4FD0-A2A5-B23EF54CBE52}.Debug|Any CPU.ActiveCfg = Debug|Any CPU
		{14EBCF06-E481-4FD0-A2A5-B23EF54CBE52}.Debug|Any CPU.Build.0 = Debug|Any CPU
		{14EBCF06-E481-4FD0-A2A5-B23EF54CBE52}.Release|Any CPU.ActiveCfg = Release|Any CPU
		{14EBCF06-E481-4FD0-A2A5-B23EF54CBE52}.Release|Any CPU.Build.0 = Release|Any CPU
		{A3F17F5E-2FAD-4F87-B7C3-BFDDC09C534A}.Debug|Any CPU.ActiveCfg = Debug|Any CPU
		{A3F17F5E-2FAD-4F87-B7C3-BFDDC09C534A}.Debug|Any CPU.Build.0 = Debug|Any CPU
		{A3F17F5E-2FAD-4F87-B7C3-BFDDC09C534A}.Release|Any CPU.ActiveCfg = Release|Any CPU
		{A3F17F5E-2FAD-4F87-B7C3-BFDDC09C534A}.Release|Any CPU.Build.0 = Release|Any CPU
		{0869D160-C1F1-4B4D-9BA0-4A8946C84D24}.Debug|Any CPU.ActiveCfg = Debug|Any CPU
		{0869D160-C1F1-4B4D-9BA0-4A8946C84D24}.Debug|Any CPU.Build.0 = Debug|Any CPU
		{0869D160-C1F1-4B4D-9BA0-4A8946C84D24}.Release|Any CPU.ActiveCfg = Release|Any CPU
		{0869D160-C1F1-4B4D-9BA0-4A8946C84D24}.Release|Any CPU.Build.0 = Release|Any CPU
		{E69E3B81-15D1-4FD7-822F-7AB9F5D82C43}.Debug|Any CPU.ActiveCfg = Debug|Any CPU
		{E69E3B81-15D1-4FD7-822F-7AB9F5D82C43}.Debug|Any CPU.Build.0 = Debug|Any CPU
		{E69E3B81-15D1-4FD7-822F-7AB9F5D82C43}.Release|Any CPU.ActiveCfg = Release|Any CPU
		{E69E3B81-15D1-4FD7-822F-7AB9F5D82C43}.Release|Any CPU.Build.0 = Release|Any CPU
		{F559753E-B524-48F6-8483-A7033B6931D8}.Debug|Any CPU.ActiveCfg = Debug|Any CPU
		{F559753E-B524-48F6-8483-A7033B6931D8}.Debug|Any CPU.Build.0 = Debug|Any CPU
		{F559753E-B524-48F6-8483-A7033B6931D8}.Release|Any CPU.ActiveCfg = Release|Any CPU
		{F559753E-B524-48F6-8483-A7033B6931D8}.Release|Any CPU.Build.0 = Release|Any CPU
	EndGlobalSection
	GlobalSection(SolutionProperties) = preSolution
		HideSolutionNode = FALSE
	EndGlobalSection
	GlobalSection(NestedProjects) = preSolution
		{83172C12-DC1C-4149-AF0D-925123A90A40} = {707A5331-9E45-42CD-BEAB-F3D9219BC4FE}
		{91767033-8121-4505-A801-88B55E658414} = {707A5331-9E45-42CD-BEAB-F3D9219BC4FE}
		{FCE37FEB-389D-4327-8A71-21F5F99C6308} = {707A5331-9E45-42CD-BEAB-F3D9219BC4FE}
		{2E4E6E26-D7F5-4755-80EF-9CA27F99222D} = {707A5331-9E45-42CD-BEAB-F3D9219BC4FE}
		{3F062664-0563-4BE0-B4A3-2B1F2FD2E058} = {83172C12-DC1C-4149-AF0D-925123A90A40}
		{14EBCF06-E481-4FD0-A2A5-B23EF54CBE52} = {83172C12-DC1C-4149-AF0D-925123A90A40}
		{A3F17F5E-2FAD-4F87-B7C3-BFDDC09C534A} = {91767033-8121-4505-A801-88B55E658414}
		{0869D160-C1F1-4B4D-9BA0-4A8946C84D24} = {2E4E6E26-D7F5-4755-80EF-9CA27F99222D}
		{E69E3B81-15D1-4FD7-822F-7AB9F5D82C43} = {91767033-8121-4505-A801-88B55E658414}
		{F559753E-B524-48F6-8483-A7033B6931D8} = {FCE37FEB-389D-4327-8A71-21F5F99C6308}
	EndGlobalSection
	GlobalSection(ExtensibilityGlobals) = postSolution
		SolutionGuid = {4FEE8B74-598B-4BB4-A03F-9EBFFA42C4C8}
	EndGlobalSection
EndGlobal
